
Microsoft Visual Studio Solution File, Format Version 12.00
# Visual Studio 15
VisualStudioVersion = 15.0.28307.1831
MinimumVisualStudioVersion = 10.0.40219.1
Project("{F184B08F-C81C-45F6-A57F-5ABD9991F28F}") = "SampleDesktopApp", "WindowsApp1\SampleDesktopApp.vbproj", "{F7EC98E6-2A59-4BA5-BA8F-50F6DA373B01}"
EndProject
Global
	GlobalSection(SolutionConfigurationPlatforms) = preSolution
		Debug|Any CPU = Debug|Any CPU
		Release|Any CPU = Release|Any CPU
	EndGlobalSection
	GlobalSection(ProjectConfigurationPlatforms) = postSolution
		{F7EC98E6-2A59-4BA5-BA8F-50F6DA373B01}.Debug|Any CPU.ActiveCfg = Debug|Any CPU
		{F7EC98E6-2A59-4BA5-BA8F-50F6DA373B01}.Debug|Any CPU.Build.0 = Debug|Any CPU
		{F7EC98E6-2A59-4BA5-BA8F-50F6DA373B01}.Release|Any CPU.ActiveCfg = Release|Any CPU
		{F7EC98E6-2A59-4BA5-BA8F-50F6DA373B01}.Release|Any CPU.Build.0 = Release|Any CPU
	EndGlobalSection
	GlobalSection(SolutionProperties) = preSolution
		HideSolutionNode = FALSE
	EndGlobalSection
	GlobalSection(ExtensibilityGlobals) = postSolution
		SolutionGuid = {80744645-34C0-42D9-944C-33AB153A2D92}
	EndGlobalSection
EndGlobal
